// !$*UTF8*$!
{
	archiveVersion = 1;
	classes = {
	};
	objectVersion = 46;
	objects = {

/* Begin PBXBuildFile section */
		4C0CC9C418D507B200479FA9 /* UserNest.framework in Frameworks */ = {isa = PBXBuildFile; fileRef = 4C0CC9C318D507B200479FA9 /* UserNest.framework */; };
		4C81418218CFD19F00306FF3 /* Accelerate.framework in Frameworks */ = {isa = PBXBuildFile; fileRef = 4C81418118CFD19F00306FF3 /* Accelerate.framework */; };
		4CE2707C18B3FAA700D0EE73 /* Foundation.framework in Frameworks */ = {isa = PBXBuildFile; fileRef = 4CE2707B18B3FAA700D0EE73 /* Foundation.framework */; };
		4CE2707E18B3FAA700D0EE73 /* CoreGraphics.framework in Frameworks */ = {isa = PBXBuildFile; fileRef = 4CE2707D18B3FAA700D0EE73 /* CoreGraphics.framework */; };
		4CE2708018B3FAA700D0EE73 /* UIKit.framework in Frameworks */ = {isa = PBXBuildFile; fileRef = 4CE2707F18B3FAA700D0EE73 /* UIKit.framework */; };
		4CE2708618B3FAA700D0EE73 /* InfoPlist.strings in Resources */ = {isa = PBXBuildFile; fileRef = 4CE2708418B3FAA700D0EE73 /* InfoPlist.strings */; };
		4CE2708818B3FAA700D0EE73 /* main.m in Sources */ = {isa = PBXBuildFile; fileRef = 4CE2708718B3FAA700D0EE73 /* main.m */; };
		4CE2708C18B3FAA700D0EE73 /* AppDelegate.m in Sources */ = {isa = PBXBuildFile; fileRef = 4CE2708B18B3FAA700D0EE73 /* AppDelegate.m */; };
		4CE2708F18B3FAA700D0EE73 /* Main_iPhone.storyboard in Resources */ = {isa = PBXBuildFile; fileRef = 4CE2708D18B3FAA700D0EE73 /* Main_iPhone.storyboard */; };
		4CE2709218B3FAA700D0EE73 /* Main_iPad.storyboard in Resources */ = {isa = PBXBuildFile; fileRef = 4CE2709018B3FAA700D0EE73 /* Main_iPad.storyboard */; };
		4CE2709518B3FAA700D0EE73 /* ViewController.m in Sources */ = {isa = PBXBuildFile; fileRef = 4CE2709418B3FAA700D0EE73 /* ViewController.m */; };
		4CE2709718B3FAA700D0EE73 /* Images.xcassets in Resources */ = {isa = PBXBuildFile; fileRef = 4CE2709618B3FAA700D0EE73 /* Images.xcassets */; };
		4CE2709E18B3FAA700D0EE73 /* XCTest.framework in Frameworks */ = {isa = PBXBuildFile; fileRef = 4CE2709D18B3FAA700D0EE73 /* XCTest.framework */; };
		4CE2709F18B3FAA700D0EE73 /* Foundation.framework in Frameworks */ = {isa = PBXBuildFile; fileRef = 4CE2707B18B3FAA700D0EE73 /* Foundation.framework */; };
		4CE270A018B3FAA700D0EE73 /* UIKit.framework in Frameworks */ = {isa = PBXBuildFile; fileRef = 4CE2707F18B3FAA700D0EE73 /* UIKit.framework */; };
/* End PBXBuildFile section */

/* Begin PBXContainerItemProxy section */
		4CE270A118B3FAA800D0EE73 /* PBXContainerItemProxy */ = {
			isa = PBXContainerItemProxy;
			containerPortal = 4CE2707018B3FAA700D0EE73 /* Project object */;
			proxyType = 1;
			remoteGlobalIDString = 4CE2707718B3FAA700D0EE73;
			remoteInfo = UserNestTestApp;
		};
/* End PBXContainerItemProxy section */

/* Begin PBXFileReference section */
		4C0CC9C318D507B200479FA9 /* UserNest.framework */ = {isa = PBXFileReference; lastKnownFileType = wrapper.framework; name = UserNest.framework; path = "../../../../../Library/Developer/Xcode/DerivedData/UserNest-acpukaqsiojknqckrrymjkhisxeu/Build/Products/Release-iphoneos/UserNest.framework"; sourceTree = "<group>"; };
		4C81418118CFD19F00306FF3 /* Accelerate.framework */ = {isa = PBXFileReference; lastKnownFileType = wrapper.framework; name = Accelerate.framework; path = System/Library/Frameworks/Accelerate.framework; sourceTree = SDKROOT; };
		4CE2707818B3FAA700D0EE73 /* SampleApp.app */ = {isa = PBXFileReference; explicitFileType = wrapper.application; includeInIndex = 0; path = SampleApp.app; sourceTree = BUILT_PRODUCTS_DIR; };
		4CE2707B18B3FAA700D0EE73 /* Foundation.framework */ = {isa = PBXFileReference; lastKnownFileType = wrapper.framework; name = Foundation.framework; path = System/Library/Frameworks/Foundation.framework; sourceTree = SDKROOT; };
		4CE2707D18B3FAA700D0EE73 /* CoreGraphics.framework */ = {isa = PBXFileReference; lastKnownFileType = wrapper.framework; name = CoreGraphics.framework; path = System/Library/Frameworks/CoreGraphics.framework; sourceTree = SDKROOT; };
		4CE2707F18B3FAA700D0EE73 /* UIKit.framework */ = {isa = PBXFileReference; lastKnownFileType = wrapper.framework; name = UIKit.framework; path = System/Library/Frameworks/UIKit.framework; sourceTree = SDKROOT; };
		4CE2708318B3FAA700D0EE73 /* SampleApp-Info.plist */ = {isa = PBXFileReference; lastKnownFileType = text.plist.xml; path = "SampleApp-Info.plist"; sourceTree = "<group>"; };
		4CE2708518B3FAA700D0EE73 /* en */ = {isa = PBXFileReference; lastKnownFileType = text.plist.strings; name = en; path = en.lproj/InfoPlist.strings; sourceTree = "<group>"; };
		4CE2708718B3FAA700D0EE73 /* main.m */ = {isa = PBXFileReference; lastKnownFileType = sourcecode.c.objc; path = main.m; sourceTree = "<group>"; };
		4CE2708918B3FAA700D0EE73 /* SampleApp-Prefix.pch */ = {isa = PBXFileReference; lastKnownFileType = sourcecode.c.h; path = "SampleApp-Prefix.pch"; sourceTree = "<group>"; };
		4CE2708A18B3FAA700D0EE73 /* AppDelegate.h */ = {isa = PBXFileReference; lastKnownFileType = sourcecode.c.h; path = AppDelegate.h; sourceTree = "<group>"; };
		4CE2708B18B3FAA700D0EE73 /* AppDelegate.m */ = {isa = PBXFileReference; lastKnownFileType = sourcecode.c.objc; path = AppDelegate.m; sourceTree = "<group>"; };
		4CE2708E18B3FAA700D0EE73 /* Base */ = {isa = PBXFileReference; lastKnownFileType = file.storyboard; name = Base; path = Base.lproj/Main_iPhone.storyboard; sourceTree = "<group>"; };
		4CE2709118B3FAA700D0EE73 /* Base */ = {isa = PBXFileReference; lastKnownFileType = file.storyboard; name = Base; path = Base.lproj/Main_iPad.storyboard; sourceTree = "<group>"; };
		4CE2709318B3FAA700D0EE73 /* ViewController.h */ = {isa = PBXFileReference; lastKnownFileType = sourcecode.c.h; path = ViewController.h; sourceTree = "<group>"; };
		4CE2709418B3FAA700D0EE73 /* ViewController.m */ = {isa = PBXFileReference; lastKnownFileType = sourcecode.c.objc; path = ViewController.m; sourceTree = "<group>"; };
		4CE2709618B3FAA700D0EE73 /* Images.xcassets */ = {isa = PBXFileReference; lastKnownFileType = folder.assetcatalog; path = Images.xcassets; sourceTree = "<group>"; };
		4CE2709C18B3FAA700D0EE73 /* SampleAppTests.xctest */ = {isa = PBXFileReference; explicitFileType = wrapper.cfbundle; includeInIndex = 0; path = SampleAppTests.xctest; sourceTree = BUILT_PRODUCTS_DIR; };
		4CE2709D18B3FAA700D0EE73 /* XCTest.framework */ = {isa = PBXFileReference; lastKnownFileType = wrapper.framework; name = XCTest.framework; path = Library/Frameworks/XCTest.framework; sourceTree = DEVELOPER_DIR; };
/* End PBXFileReference section */

/* Begin PBXFrameworksBuildPhase section */
		4CE2707518B3FAA700D0EE73 /* Frameworks */ = {
			isa = PBXFrameworksBuildPhase;
			buildActionMask = 2147483647;
			files = (
				4C81418218CFD19F00306FF3 /* Accelerate.framework in Frameworks */,
				4CE2707E18B3FAA700D0EE73 /* CoreGraphics.framework in Frameworks */,
				4CE2708018B3FAA700D0EE73 /* UIKit.framework in Frameworks */,
				4CE2707C18B3FAA700D0EE73 /* Foundation.framework in Frameworks */,
				4C0CC9C418D507B200479FA9 /* UserNest.framework in Frameworks */,
			);
			runOnlyForDeploymentPostprocessing = 0;
		};
		4CE2709918B3FAA700D0EE73 /* Frameworks */ = {
			isa = PBXFrameworksBuildPhase;
			buildActionMask = 2147483647;
			files = (
				4CE2709E18B3FAA700D0EE73 /* XCTest.framework in Frameworks */,
				4CE270A018B3FAA700D0EE73 /* UIKit.framework in Frameworks */,
				4CE2709F18B3FAA700D0EE73 /* Foundation.framework in Frameworks */,
			);
			runOnlyForDeploymentPostprocessing = 0;
		};
/* End PBXFrameworksBuildPhase section */

/* Begin PBXGroup section */
		4CE2706F18B3FAA700D0EE73 = {
			isa = PBXGroup;
			children = (
				4CE2708118B3FAA700D0EE73 /* UserNestSampleApp */,
				4CE2707A18B3FAA700D0EE73 /* Frameworks */,
				4CE2707918B3FAA700D0EE73 /* Products */,
			);
			sourceTree = "<group>";
		};
		4CE2707918B3FAA700D0EE73 /* Products */ = {
			isa = PBXGroup;
			children = (
				4CE2707818B3FAA700D0EE73 /* SampleApp.app */,
				4CE2709C18B3FAA700D0EE73 /* SampleAppTests.xctest */,
			);
			name = Products;
			sourceTree = "<group>";
		};
		4CE2707A18B3FAA700D0EE73 /* Frameworks */ = {
			isa = PBXGroup;
			children = (
				4C0CC9C318D507B200479FA9 /* UserNest.framework */,
				4C81418118CFD19F00306FF3 /* Accelerate.framework */,
				4CE2707B18B3FAA700D0EE73 /* Foundation.framework */,
				4CE2707D18B3FAA700D0EE73 /* CoreGraphics.framework */,
				4CE2707F18B3FAA700D0EE73 /* UIKit.framework */,
				4CE2709D18B3FAA700D0EE73 /* XCTest.framework */,
			);
			name = Frameworks;
			sourceTree = "<group>";
		};
		4CE2708118B3FAA700D0EE73 /* UserNestSampleApp */ = {
			isa = PBXGroup;
			children = (
				4CE2708A18B3FAA700D0EE73 /* AppDelegate.h */,
				4CE2708B18B3FAA700D0EE73 /* AppDelegate.m */,
				4CE2708D18B3FAA700D0EE73 /* Main_iPhone.storyboard */,
				4CE2709018B3FAA700D0EE73 /* Main_iPad.storyboard */,
				4CE2709318B3FAA700D0EE73 /* ViewController.h */,
				4CE2709418B3FAA700D0EE73 /* ViewController.m */,
				4CE2709618B3FAA700D0EE73 /* Images.xcassets */,
				4CE2708218B3FAA700D0EE73 /* Supporting Files */,
			);
			name = UserNestSampleApp;
			path = UserNestTestApp;
			sourceTree = "<group>";
		};
		4CE2708218B3FAA700D0EE73 /* Supporting Files */ = {
			isa = PBXGroup;
			children = (
				4CE2708318B3FAA700D0EE73 /* SampleApp-Info.plist */,
				4CE2708418B3FAA700D0EE73 /* InfoPlist.strings */,
				4CE2708718B3FAA700D0EE73 /* main.m */,
				4CE2708918B3FAA700D0EE73 /* SampleApp-Prefix.pch */,
			);
			name = "Supporting Files";
			sourceTree = "<group>";
		};
/* End PBXGroup section */

/* Begin PBXNativeTarget section */
		4CE2707718B3FAA700D0EE73 /* SampleApp */ = {
			isa = PBXNativeTarget;
			buildConfigurationList = 4CE270AD18B3FAA800D0EE73 /* Build configuration list for PBXNativeTarget "SampleApp" */;
			buildPhases = (
				4CE2707418B3FAA700D0EE73 /* Sources */,
				4CE2707518B3FAA700D0EE73 /* Frameworks */,
				4CE2707618B3FAA700D0EE73 /* Resources */,
			);
			buildRules = (
			);
			dependencies = (
			);
			name = SampleApp;
			productName = UserNestTestApp;
			productReference = 4CE2707818B3FAA700D0EE73 /* SampleApp.app */;
			productType = "com.apple.product-type.application";
		};
		4CE2709B18B3FAA700D0EE73 /* SampleAppTests */ = {
			isa = PBXNativeTarget;
			buildConfigurationList = 4CE270B018B3FAA800D0EE73 /* Build configuration list for PBXNativeTarget "SampleAppTests" */;
			buildPhases = (
				4CE2709818B3FAA700D0EE73 /* Sources */,
				4CE2709918B3FAA700D0EE73 /* Frameworks */,
				4CE2709A18B3FAA700D0EE73 /* Resources */,
			);
			buildRules = (
			);
			dependencies = (
				4CE270A218B3FAA800D0EE73 /* PBXTargetDependency */,
			);
			name = SampleAppTests;
			productName = UserNestTestAppTests;
			productReference = 4CE2709C18B3FAA700D0EE73 /* SampleAppTests.xctest */;
			productType = "com.apple.product-type.bundle.unit-test";
		};
/* End PBXNativeTarget section */

/* Begin PBXProject section */
		4CE2707018B3FAA700D0EE73 /* Project object */ = {
			isa = PBXProject;
			attributes = {
				LastUpgradeCheck = 0510;
				ORGANIZATIONNAME = "Headlight Software, Inc.";
				TargetAttributes = {
					4CE2709B18B3FAA700D0EE73 = {
						TestTargetID = 4CE2707718B3FAA700D0EE73;
					};
				};
			};
			buildConfigurationList = 4CE2707318B3FAA700D0EE73 /* Build configuration list for PBXProject "SampleApp" */;
			compatibilityVersion = "Xcode 3.2";
			developmentRegion = English;
			hasScannedForEncodings = 0;
			knownRegions = (
				en,
				Base,
			);
			mainGroup = 4CE2706F18B3FAA700D0EE73;
			productRefGroup = 4CE2707918B3FAA700D0EE73 /* Products */;
			projectDirPath = "";
			projectRoot = "";
			targets = (
				4CE2707718B3FAA700D0EE73 /* SampleApp */,
				4CE2709B18B3FAA700D0EE73 /* SampleAppTests */,
			);
		};
/* End PBXProject section */

/* Begin PBXResourcesBuildPhase section */
		4CE2707618B3FAA700D0EE73 /* Resources */ = {
			isa = PBXResourcesBuildPhase;
			buildActionMask = 2147483647;
			files = (
				4CE2709218B3FAA700D0EE73 /* Main_iPad.storyboard in Resources */,
				4CE2709718B3FAA700D0EE73 /* Images.xcassets in Resources */,
				4CE2708F18B3FAA700D0EE73 /* Main_iPhone.storyboard in Resources */,
				4CE2708618B3FAA700D0EE73 /* InfoPlist.strings in Resources */,
			);
			runOnlyForDeploymentPostprocessing = 0;
		};
		4CE2709A18B3FAA700D0EE73 /* Resources */ = {
			isa = PBXResourcesBuildPhase;
			buildActionMask = 2147483647;
			files = (
			);
			runOnlyForDeploymentPostprocessing = 0;
		};
/* End PBXResourcesBuildPhase section */

/* Begin PBXSourcesBuildPhase section */
		4CE2707418B3FAA700D0EE73 /* Sources */ = {
			isa = PBXSourcesBuildPhase;
			buildActionMask = 2147483647;
			files = (
				4CE2709518B3FAA700D0EE73 /* ViewController.m in Sources */,
				4CE2708C18B3FAA700D0EE73 /* AppDelegate.m in Sources */,
				4CE2708818B3FAA700D0EE73 /* main.m in Sources */,
			);
			runOnlyForDeploymentPostprocessing = 0;
		};
		4CE2709818B3FAA700D0EE73 /* Sources */ = {
			isa = PBXSourcesBuildPhase;
			buildActionMask = 2147483647;
			files = (
			);
			runOnlyForDeploymentPostprocessing = 0;
		};
/* End PBXSourcesBuildPhase section */

/* Begin PBXTargetDependency section */
		4CE270A218B3FAA800D0EE73 /* PBXTargetDependency */ = {
			isa = PBXTargetDependency;
			target = 4CE2707718B3FAA700D0EE73 /* SampleApp */;
			targetProxy = 4CE270A118B3FAA800D0EE73 /* PBXContainerItemProxy */;
		};
/* End PBXTargetDependency section */

/* Begin PBXVariantGroup section */
		4CE2708418B3FAA700D0EE73 /* InfoPlist.strings */ = {
			isa = PBXVariantGroup;
			children = (
				4CE2708518B3FAA700D0EE73 /* en */,
			);
			name = InfoPlist.strings;
			sourceTree = "<group>";
		};
		4CE2708D18B3FAA700D0EE73 /* Main_iPhone.storyboard */ = {
			isa = PBXVariantGroup;
			children = (
				4CE2708E18B3FAA700D0EE73 /* Base */,
			);
			name = Main_iPhone.storyboard;
			sourceTree = "<group>";
		};
		4CE2709018B3FAA700D0EE73 /* Main_iPad.storyboard */ = {
			isa = PBXVariantGroup;
			children = (
				4CE2709118B3FAA700D0EE73 /* Base */,
			);
			name = Main_iPad.storyboard;
			sourceTree = "<group>";
		};
/* End PBXVariantGroup section */

/* Begin XCBuildConfiguration section */
		4CE270AB18B3FAA800D0EE73 /* Debug */ = {
			isa = XCBuildConfiguration;
			buildSettings = {
				ALWAYS_SEARCH_USER_PATHS = NO;
				ARCHS = "$(ARCHS_STANDARD_INCLUDING_64_BIT)";
				CLANG_CXX_LANGUAGE_STANDARD = "gnu++0x";
				CLANG_CXX_LIBRARY = "libc++";
				CLANG_ENABLE_MODULES = YES;
				CLANG_ENABLE_OBJC_ARC = YES;
				CLANG_WARN_BOOL_CONVERSION = YES;
				CLANG_WARN_CONSTANT_CONVERSION = YES;
				CLANG_WARN_DIRECT_OBJC_ISA_USAGE = YES_ERROR;
				CLANG_WARN_EMPTY_BODY = YES;
				CLANG_WARN_ENUM_CONVERSION = YES;
				CLANG_WARN_INT_CONVERSION = YES;
				CLANG_WARN_OBJC_ROOT_CLASS = YES_ERROR;
				CLANG_WARN__DUPLICATE_METHOD_MATCH = YES;
				"CODE_SIGN_IDENTITY[sdk=iphoneos*]" = "iPhone Developer";
				COPY_PHASE_STRIP = NO;
				GCC_C_LANGUAGE_STANDARD = gnu99;
				GCC_DYNAMIC_NO_PIC = NO;
				GCC_OPTIMIZATION_LEVEL = 0;
				GCC_PREPROCESSOR_DEFINITIONS = (
					"DEBUG=1",
					"$(inherited)",
				);
				GCC_SYMBOLS_PRIVATE_EXTERN = NO;
				GCC_WARN_64_TO_32_BIT_CONVERSION = YES;
				GCC_WARN_ABOUT_RETURN_TYPE = YES_ERROR;
				GCC_WARN_UNDECLARED_SELECTOR = YES;
				GCC_WARN_UNINITIALIZED_AUTOS = YES_AGGRESSIVE;
				GCC_WARN_UNUSED_FUNCTION = YES;
				GCC_WARN_UNUSED_VARIABLE = YES;
				IPHONEOS_DEPLOYMENT_TARGET = 7.1;
				ONLY_ACTIVE_ARCH = YES;
				SDKROOT = iphoneos;
				TARGETED_DEVICE_FAMILY = "1,2";
			};
			name = Debug;
		};
		4CE270AC18B3FAA800D0EE73 /* Release */ = {
			isa = XCBuildConfiguration;
			buildSettings = {
				ALWAYS_SEARCH_USER_PATHS = NO;
				ARCHS = "$(ARCHS_STANDARD_INCLUDING_64_BIT)";
				CLANG_CXX_LANGUAGE_STANDARD = "gnu++0x";
				CLANG_CXX_LIBRARY = "libc++";
				CLANG_ENABLE_MODULES = YES;
				CLANG_ENABLE_OBJC_ARC = YES;
				CLANG_WARN_BOOL_CONVERSION = YES;
				CLANG_WARN_CONSTANT_CONVERSION = YES;
				CLANG_WARN_DIRECT_OBJC_ISA_USAGE = YES_ERROR;
				CLANG_WARN_EMPTY_BODY = YES;
				CLANG_WARN_ENUM_CONVERSION = YES;
				CLANG_WARN_INT_CONVERSION = YES;
				CLANG_WARN_OBJC_ROOT_CLASS = YES_ERROR;
				CLANG_WARN__DUPLICATE_METHOD_MATCH = YES;
				"CODE_SIGN_IDENTITY[sdk=iphoneos*]" = "iPhone Developer";
				COPY_PHASE_STRIP = YES;
				ENABLE_NS_ASSERTIONS = NO;
				GCC_C_LANGUAGE_STANDARD = gnu99;
				GCC_WARN_64_TO_32_BIT_CONVERSION = YES;
				GCC_WARN_ABOUT_RETURN_TYPE = YES_ERROR;
				GCC_WARN_UNDECLARED_SELECTOR = YES;
				GCC_WARN_UNINITIALIZED_AUTOS = YES_AGGRESSIVE;
				GCC_WARN_UNUSED_FUNCTION = YES;
				GCC_WARN_UNUSED_VARIABLE = YES;
				IPHONEOS_DEPLOYMENT_TARGET = 7.1;
				SDKROOT = iphoneos;
				TARGETED_DEVICE_FAMILY = "1,2";
				VALIDATE_PRODUCT = YES;
			};
			name = Release;
		};
		4CE270AE18B3FAA800D0EE73 /* Debug */ = {
			isa = XCBuildConfiguration;
			buildSettings = {
				ASSETCATALOG_COMPILER_APPICON_NAME = AppIcon;
				ASSETCATALOG_COMPILER_LAUNCHIMAGE_NAME = LaunchImage;
				CLANG_ENABLE_OBJC_ARC = NO;
				FRAMEWORK_SEARCH_PATHS = (
					"$(inherited)",
					"$(USER_LIBRARY_DIR)/Developer/Xcode/DerivedData/UserNest-acpukaqsiojknqckrrymjkhisxeu/Build/Products/Debug-iphoneos",
					/Users/michael/Dropbox/_Michael/UserNestPackage/External,
					"$(USER_LIBRARY_DIR)/Developer/Xcode/DerivedData/UserNest-acpukaqsiojknqckrrymjkhisxeu/Build/Products/Release-iphoneos",
				);
				GCC_PRECOMPILE_PREFIX_HEADER = YES;
				GCC_PREFIX_HEADER = "UserNestTestApp/SampleApp-Prefix.pch";
				INFOPLIST_FILE = "UserNestTestApp/SampleApp-Info.plist";
				IPHONEOS_DEPLOYMENT_TARGET = 7.0;
				PRODUCT_NAME = SampleApp;
				WRAPPER_EXTENSION = app;
			};
			name = Debug;
		};
		4CE270AF18B3FAA800D0EE73 /* Release */ = {
			isa = XCBuildConfiguration;
			buildSettings = {
				ASSETCATALOG_COMPILER_APPICON_NAME = AppIcon;
				ASSETCATALOG_COMPILER_LAUNCHIMAGE_NAME = LaunchImage;
				CLANG_ENABLE_OBJC_ARC = NO;
				FRAMEWORK_SEARCH_PATHS = (
					"$(inherited)",
					"$(USER_LIBRARY_DIR)/Developer/Xcode/DerivedData/UserNest-acpukaqsiojknqckrrymjkhisxeu/Build/Products/Debug-iphoneos",
					/Users/michael/Dropbox/_Michael/UserNestPackage/External,
					"$(USER_LIBRARY_DIR)/Developer/Xcode/DerivedData/UserNest-acpukaqsiojknqckrrymjkhisxeu/Build/Products/Release-iphoneos",
				);
				GCC_PRECOMPILE_PREFIX_HEADER = YES;
				GCC_PREFIX_HEADER = "UserNestTestApp/SampleApp-Prefix.pch";
				INFOPLIST_FILE = "UserNestTestApp/SampleApp-Info.plist";
				IPHONEOS_DEPLOYMENT_TARGET = 7.0;
				PRODUCT_NAME = SampleApp;
				WRAPPER_EXTENSION = app;
			};
			name = Release;
		};
		4CE270B118B3FAA800D0EE73 /* Debug */ = {
			isa = XCBuildConfiguration;
			buildSettings = {
				ARCHS = "$(ARCHS_STANDARD_INCLUDING_64_BIT)";
				BUNDLE_LOADER = "$(BUILT_PRODUCTS_DIR)/UserNestTestApp.app/UserNestTestApp";
				FRAMEWORK_SEARCH_PATHS = (
					"$(SDKROOT)/Developer/Library/Frameworks",
					"$(inherited)",
					"$(DEVELOPER_FRAMEWORKS_DIR)",
				);
				GCC_PRECOMPILE_PREFIX_HEADER = YES;
				GCC_PREFIX_HEADER = "UserNestTestApp/UserNestTestApp-Prefix.pch";
				GCC_PREPROCESSOR_DEFINITIONS = (
					"DEBUG=1",
					"$(inherited)",
				);
				INFOPLIST_FILE = "UserNestTestAppTests/SampleAppTests-Info.plist";
				PRODUCT_NAME = SampleAppTests;
				TEST_HOST = "$(BUNDLE_LOADER)";
				WRAPPER_EXTENSION = xctest;
			};
			name = Debug;
		};
		4CE270B218B3FAA800D0EE73 /* Release */ = {
			isa = XCBuildConfiguration;
			buildSettings = {
				ARCHS = "$(ARCHS_STANDARD_INCLUDING_64_BIT)";
				BUNDLE_LOADER = "$(BUILT_PRODUCTS_DIR)/UserNestTestApp.app/UserNestTestApp";
				FRAMEWORK_SEARCH_PATHS = (
					"$(SDKROOT)/Developer/Library/Frameworks",
					"$(inherited)",
					"$(DEVELOPER_FRAMEWORKS_DIR)",
				);
				GCC_PRECOMPILE_PREFIX_HEADER = YES;
				GCC_PREFIX_HEADER = "UserNestTestApp/UserNestTestApp-Prefix.pch";
				INFOPLIST_FILE = "UserNestTestAppTests/SampleAppTests-Info.plist";
				PRODUCT_NAME = SampleAppTests;
				TEST_HOST = "$(BUNDLE_LOADER)";
				WRAPPER_EXTENSION = xctest;
			};
			name = Release;
		};
/* End XCBuildConfiguration section */

/* Begin XCConfigurationList section */
		4CE2707318B3FAA700D0EE73 /* Build configuration list for PBXProject "SampleApp" */ = {
			isa = XCConfigurationList;
			buildConfigurations = (
				4CE270AB18B3FAA800D0EE73 /* Debug */,
				4CE270AC18B3FAA800D0EE73 /* Release */,
			);
			defaultConfigurationIsVisible = 0;
			defaultConfigurationName = Release;
		};
		4CE270AD18B3FAA800D0EE73 /* Build configuration list for PBXNativeTarget "SampleApp" */ = {
			isa = XCConfigurationList;
			buildConfigurations = (
				4CE270AE18B3FAA800D0EE73 /* Debug */,
				4CE270AF18B3FAA800D0EE73 /* Release */,
			);
			defaultConfigurationIsVisible = 0;
			defaultConfigurationName = Release;
		};
		4CE270B018B3FAA800D0EE73 /* Build configuration list for PBXNativeTarget "SampleAppTests" */ = {
			isa = XCConfigurationList;
			buildConfigurations = (
				4CE270B118B3FAA800D0EE73 /* Debug */,
				4CE270B218B3FAA800D0EE73 /* Release */,
			);
			defaultConfigurationIsVisible = 0;
			defaultConfigurationName = Release;
		};
/* End XCConfigurationList section */
	};
	rootObject = 4CE2707018B3FAA700D0EE73 /* Project object */;
}
